
Microsoft Visual Studio Solution File, Format Version 12.00
# Visual Studio 14
VisualStudioVersion = 14.0.24720.0
MinimumVisualStudioVersion = 10.0.40219.1
Project("{FAE04EC0-301F-11D3-BF4B-00C04F79EFBC}") = "SimpleDelegates", "SimpleDelegates\SimpleDelegates.csproj", "{8CC20400-FD6D-4263-B0C6-D62C506F3393}"
EndProject
Project("{FAE04EC0-301F-11D3-BF4B-00C04F79EFBC}") = "FuncyThings", "FuncyThings\FuncyThings.csproj", "{34CC25A2-9183-41EA-A091-4AF3E760A4C2}"
EndProject
Global
	GlobalSection(SolutionConfigurationPlatforms) = preSolution
		Debug|Any CPU = Debug|Any CPU
		Release|Any CPU = Release|Any CPU
	EndGlobalSection
	GlobalSection(ProjectConfigurationPlatforms) = postSolution
		{8CC20400-FD6D-4263-B0C6-D62C506F3393}.Debug|Any CPU.ActiveCfg = Debug|Any CPU
		{8CC20400-FD6D-4263-B0C6-D62C506F3393}.Debug|Any CPU.Build.0 = Debug|Any CPU
		{8CC20400-FD6D-4263-B0C6-D62C506F3393}.Release|Any CPU.ActiveCfg = Release|Any CPU
		{8CC20400-FD6D-4263-B0C6-D62C506F3393}.Release|Any CPU.Build.0 = Release|Any CPU
		{34CC25A2-9183-41EA-A091-4AF3E760A4C2}.Debug|Any CPU.ActiveCfg = Debug|Any CPU
		{34CC25A2-9183-41EA-A091-4AF3E760A4C2}.Debug|Any CPU.Build.0 = Debug|Any CPU
		{34CC25A2-9183-41EA-A091-4AF3E760A4C2}.Release|Any CPU.ActiveCfg = Release|Any CPU
		{34CC25A2-9183-41EA-A091-4AF3E760A4C2}.Release|Any CPU.Build.0 = Release|Any CPU
	EndGlobalSection
	GlobalSection(SolutionProperties) = preSolution
		HideSolutionNode = FALSE
	EndGlobalSection
EndGlobal
